
Microsoft Visual Studio Solution File, Format Version 12.00
# Visual Studio Version 16
VisualStudioVersion = 16.0.31515.178
MinimumVisualStudioVersion = 10.0.40219.1
Project("{888888A0-9F3D-457C-B088-3A5042F75D52}") = "Moive Guide - Part 2", "Moive Guide - Part 2.pyproj", "{9480AD0E-B1B8-4752-ACB9-BCE3288578DA}"
EndProject
Global
	GlobalSection(SolutionConfigurationPlatforms) = preSolution
		Debug|Any CPU = Debug|Any CPU
		Release|Any CPU = Release|Any CPU
	EndGlobalSection
	GlobalSection(ProjectConfigurationPlatforms) = postSolution
		{9480AD0E-B1B8-4752-ACB9-BCE3288578DA}.Debug|Any CPU.ActiveCfg = Debug|Any CPU
		{9480AD0E-B1B8-4752-ACB9-BCE3288578DA}.Release|Any CPU.ActiveCfg = Release|Any CPU
	EndGlobalSection
	GlobalSection(SolutionProperties) = preSolution
		HideSolutionNode = FALSE
	EndGlobalSection
	GlobalSection(ExtensibilityGlobals) = postSolution
		SolutionGuid = {B218D858-4702-488C-8810-CD4F7AD25D99}
	EndGlobalSection
EndGlobal
